
Microsoft Visual Studio Solution File, Format Version 12.00
# Visual Studio Version 16
VisualStudioVersion = 16.0.30717.126
MinimumVisualStudioVersion = 10.0.40219.1
Project("{FAE04EC0-301F-11D3-BF4B-00C04F79EFBC}") = "ImageTypeConverter", "ImageTypeConverter\ImageTypeConverter.csproj", "{387B2F9B-6934-4173-ACA0-A8470D43B9F5}"
EndProject
Project("{FAE04EC0-301F-11D3-BF4B-00C04F79EFBC}") = "ImageConverterLib", "ImageConvertionLib\ImageConverterLib.csproj", "{3A6809A9-9B07-448F-B76A-77ADAE7636F7}"
EndProject
Project("{FAE04EC0-301F-11D3-BF4B-00C04F79EFBC}") = "ImageTypeConverter.Console", "ImageTypeConverter.Console\ImageTypeConverter.Console.csproj", "{890857E7-B9A5-4C67-9914-16E4C5CC102E}"
EndProject
Project("{FAE04EC0-301F-11D3-BF4B-00C04F79EFBC}") = "ImageTypeConverter.UnitTest", "ImageTypeConverter.UnitTest\ImageTypeConverter.UnitTest.csproj", "{45D759F5-3E02-4843-87D4-CA53F764871C}"
EndProject
Global
	GlobalSection(SolutionConfigurationPlatforms) = preSolution
		Debug|Any CPU = Debug|Any CPU
		Debug|x64 = Debug|x64
		Release|Any CPU = Release|Any CPU
		Release|x64 = Release|x64
	EndGlobalSection
	GlobalSection(ProjectConfigurationPlatforms) = postSolution
		{387B2F9B-6934-4173-ACA0-A8470D43B9F5}.Debug|Any CPU.ActiveCfg = Debug|Any CPU
		{387B2F9B-6934-4173-ACA0-A8470D43B9F5}.Debug|Any CPU.Build.0 = Debug|Any CPU
		{387B2F9B-6934-4173-ACA0-A8470D43B9F5}.Debug|x64.ActiveCfg = Debug|x64
		{387B2F9B-6934-4173-ACA0-A8470D43B9F5}.Debug|x64.Build.0 = Debug|x64
		{387B2F9B-6934-4173-ACA0-A8470D43B9F5}.Release|Any CPU.ActiveCfg = Release|Any CPU
		{387B2F9B-6934-4173-ACA0-A8470D43B9F5}.Release|Any CPU.Build.0 = Release|Any CPU
		{387B2F9B-6934-4173-ACA0-A8470D43B9F5}.Release|x64.ActiveCfg = Release|x64
		{387B2F9B-6934-4173-ACA0-A8470D43B9F5}.Release|x64.Build.0 = Release|x64
		{3A6809A9-9B07-448F-B76A-77ADAE7636F7}.Debug|Any CPU.ActiveCfg = Debug|Any CPU
		{3A6809A9-9B07-448F-B76A-77ADAE7636F7}.Debug|Any CPU.Build.0 = Debug|Any CPU
		{3A6809A9-9B07-448F-B76A-77ADAE7636F7}.Debug|x64.ActiveCfg = Debug|x64
		{3A6809A9-9B07-448F-B76A-77ADAE7636F7}.Debug|x64.Build.0 = Debug|x64
		{3A6809A9-9B07-448F-B76A-77ADAE7636F7}.Release|Any CPU.ActiveCfg = Release|Any CPU
		{3A6809A9-9B07-448F-B76A-77ADAE7636F7}.Release|Any CPU.Build.0 = Release|Any CPU
		{3A6809A9-9B07-448F-B76A-77ADAE7636F7}.Release|x64.ActiveCfg = Release|x64
		{3A6809A9-9B07-448F-B76A-77ADAE7636F7}.Release|x64.Build.0 = Release|x64
		{890857E7-B9A5-4C67-9914-16E4C5CC102E}.Debug|Any CPU.ActiveCfg = Debug|Any CPU
		{890857E7-B9A5-4C67-9914-16E4C5CC102E}.Debug|Any CPU.Build.0 = Debug|Any CPU
		{890857E7-B9A5-4C67-9914-16E4C5CC102E}.Debug|x64.ActiveCfg = Debug|x64
		{890857E7-B9A5-4C67-9914-16E4C5CC102E}.Debug|x64.Build.0 = Debug|x64
		{890857E7-B9A5-4C67-9914-16E4C5CC102E}.Release|Any CPU.ActiveCfg = Release|Any CPU
		{890857E7-B9A5-4C67-9914-16E4C5CC102E}.Release|Any CPU.Build.0 = Release|Any CPU
		{890857E7-B9A5-4C67-9914-16E4C5CC102E}.Release|x64.ActiveCfg = Release|x64
		{890857E7-B9A5-4C67-9914-16E4C5CC102E}.Release|x64.Build.0 = Release|x64
		{45D759F5-3E02-4843-87D4-CA53F764871C}.Debug|Any CPU.ActiveCfg = Debug|Any CPU
		{45D759F5-3E02-4843-87D4-CA53F764871C}.Debug|Any CPU.Build.0 = Debug|Any CPU
		{45D759F5-3E02-4843-87D4-CA53F764871C}.Debug|x64.ActiveCfg = Debug|x64
		{45D759F5-3E02-4843-87D4-CA53F764871C}.Debug|x64.Build.0 = Debug|x64
		{45D759F5-3E02-4843-87D4-CA53F764871C}.Release|Any CPU.ActiveCfg = Release|Any CPU
		{45D759F5-3E02-4843-87D4-CA53F764871C}.Release|Any CPU.Build.0 = Release|Any CPU
		{45D759F5-3E02-4843-87D4-CA53F764871C}.Release|x64.ActiveCfg = Release|x64
	EndGlobalSection
	GlobalSection(SolutionProperties) = preSolution
		HideSolutionNode = FALSE
	EndGlobalSection
	GlobalSection(ExtensibilityGlobals) = postSolution
		SolutionGuid = {8571007B-6F91-49EE-BD79-4B39ED55D6F1}
	EndGlobalSection
EndGlobal
